// !$*UTF8*$!
{
	archiveVersion = 1;
	classes = {
	};
	objectVersion = 77;
	objects = {

/* Begin PBXBuildFile section */
		C03812F22CF7477E00F91A76 /* CachedLoading in Frameworks */ = {isa = PBXBuildFile; productRef = C03812F12CF7477E00F91A76 /* CachedLoading */; };
		C08E0D192CF771230029987B /* Files in Frameworks */ = {isa = PBXBuildFile; productRef = C08E0D182CF771230029987B /* Files */; };
/* End PBXBuildFile section */

/* Begin PBXContainerItemProxy section */
		C03812D42CF7476900F91A76 /* PBXContainerItemProxy */ = {
			isa = PBXContainerItemProxy;
			containerPortal = C03812BA2CF7476700F91A76 /* Project object */;
			proxyType = 1;
			remoteGlobalIDString = C03812C12CF7476700F91A76;
			remoteInfo = CachedLoading;
		};
		C03812DE2CF7476900F91A76 /* PBXContainerItemProxy */ = {
			isa = PBXContainerItemProxy;
			containerPortal = C03812BA2CF7476700F91A76 /* Project object */;
			proxyType = 1;
			remoteGlobalIDString = C03812C12CF7476700F91A76;
			remoteInfo = CachedLoading;
		};
/* End PBXContainerItemProxy section */

/* Begin PBXFileReference section */
		C03812C22CF7476700F91A76 /* CachedLoadingDemo.app */ = {isa = PBXFileReference; explicitFileType = wrapper.application; includeInIndex = 0; path = CachedLoadingDemo.app; sourceTree = BUILT_PRODUCTS_DIR; };
		C03812D32CF7476900F91A76 /* CachedLoadingDemoTests.xctest */ = {isa = PBXFileReference; explicitFileType = wrapper.cfbundle; includeInIndex = 0; path = CachedLoadingDemoTests.xctest; sourceTree = BUILT_PRODUCTS_DIR; };
		C03812DD2CF7476900F91A76 /* CachedLoadingDemoUITests.xctest */ = {isa = PBXFileReference; explicitFileType = wrapper.cfbundle; includeInIndex = 0; path = CachedLoadingDemoUITests.xctest; sourceTree = BUILT_PRODUCTS_DIR; };
/* End PBXFileReference section */

/* Begin PBXFileSystemSynchronizedRootGroup section */
		C03812C42CF7476700F91A76 /* CachedLoading */ = {
			isa = PBXFileSystemSynchronizedRootGroup;
			path = CachedLoading;
			sourceTree = "<group>";
		};
		C03812D62CF7476900F91A76 /* CachedLoadingTests */ = {
			isa = PBXFileSystemSynchronizedRootGroup;
			path = CachedLoadingTests;
			sourceTree = "<group>";
		};
		C03812E02CF7476900F91A76 /* CachedLoadingUITests */ = {
			isa = PBXFileSystemSynchronizedRootGroup;
			path = CachedLoadingUITests;
			sourceTree = "<group>";
		};
/* End PBXFileSystemSynchronizedRootGroup section */

/* Begin PBXFrameworksBuildPhase section */
		C03812BF2CF7476700F91A76 /* Frameworks */ = {
			isa = PBXFrameworksBuildPhase;
			buildActionMask = 2147483647;
			files = (
				C08E0D192CF771230029987B /* Files in Frameworks */,
				C03812F22CF7477E00F91A76 /* CachedLoading in Frameworks */,
			);
			runOnlyForDeploymentPostprocessing = 0;
		};
		C03812D02CF7476900F91A76 /* Frameworks */ = {
			isa = PBXFrameworksBuildPhase;
			buildActionMask = 2147483647;
			files = (
			);
			runOnlyForDeploymentPostprocessing = 0;
		};
		C03812DA2CF7476900F91A76 /* Frameworks */ = {
			isa = PBXFrameworksBuildPhase;
			buildActionMask = 2147483647;
			files = (
			);
			runOnlyForDeploymentPostprocessing = 0;
		};
/* End PBXFrameworksBuildPhase section */

/* Begin PBXGroup section */
		C03812B92CF7476700F91A76 = {
			isa = PBXGroup;
			children = (
				C03812C42CF7476700F91A76 /* CachedLoading */,
				C03812D62CF7476900F91A76 /* CachedLoadingTests */,
				C03812E02CF7476900F91A76 /* CachedLoadingUITests */,
				C03812C32CF7476700F91A76 /* Products */,
			);
			sourceTree = "<group>";
		};
		C03812C32CF7476700F91A76 /* Products */ = {
			isa = PBXGroup;
			children = (
				C03812C22CF7476700F91A76 /* CachedLoadingDemo.app */,
				C03812D32CF7476900F91A76 /* CachedLoadingDemoTests.xctest */,
				C03812DD2CF7476900F91A76 /* CachedLoadingDemoUITests.xctest */,
			);
			name = Products;
			sourceTree = "<group>";
		};
/* End PBXGroup section */

/* Begin PBXNativeTarget section */
		C03812C12CF7476700F91A76 /* CachedLoadingDemo */ = {
			isa = PBXNativeTarget;
			buildConfigurationList = C03812E72CF7476900F91A76 /* Build configuration list for PBXNativeTarget "CachedLoadingDemo" */;
			buildPhases = (
				C03812BE2CF7476700F91A76 /* Sources */,
				C03812BF2CF7476700F91A76 /* Frameworks */,
				C03812C02CF7476700F91A76 /* Resources */,
			);
			buildRules = (
			);
			dependencies = (
			);
			fileSystemSynchronizedGroups = (
				C03812C42CF7476700F91A76 /* CachedLoading */,
			);
			name = CachedLoadingDemo;
			packageProductDependencies = (
				C03812F12CF7477E00F91A76 /* CachedLoading */,
				C08E0D182CF771230029987B /* Files */,
			);
			productName = CachedLoading;
			productReference = C03812C22CF7476700F91A76 /* CachedLoadingDemo.app */;
			productType = "com.apple.product-type.application";
		};
		C03812D22CF7476900F91A76 /* CachedLoadingDemoTests */ = {
			isa = PBXNativeTarget;
			buildConfigurationList = C03812EA2CF7476900F91A76 /* Build configuration list for PBXNativeTarget "CachedLoadingDemoTests" */;
			buildPhases = (
				C03812CF2CF7476900F91A76 /* Sources */,
				C03812D02CF7476900F91A76 /* Frameworks */,
				C03812D12CF7476900F91A76 /* Resources */,
			);
			buildRules = (
			);
			dependencies = (
				C03812D52CF7476900F91A76 /* PBXTargetDependency */,
			);
			fileSystemSynchronizedGroups = (
				C03812D62CF7476900F91A76 /* CachedLoadingTests */,
			);
			name = CachedLoadingDemoTests;
			packageProductDependencies = (
			);
			productName = CachedLoadingTests;
			productReference = C03812D32CF7476900F91A76 /* CachedLoadingDemoTests.xctest */;
			productType = "com.apple.product-type.bundle.unit-test";
		};
		C03812DC2CF7476900F91A76 /* CachedLoadingDemoUITests */ = {
			isa = PBXNativeTarget;
			buildConfigurationList = C03812ED2CF7476900F91A76 /* Build configuration list for PBXNativeTarget "CachedLoadingDemoUITests" */;
			buildPhases = (
				C03812D92CF7476900F91A76 /* Sources */,
				C03812DA2CF7476900F91A76 /* Frameworks */,
				C03812DB2CF7476900F91A76 /* Resources */,
			);
			buildRules = (
			);
			dependencies = (
				C03812DF2CF7476900F91A76 /* PBXTargetDependency */,
			);
			fileSystemSynchronizedGroups = (
				C03812E02CF7476900F91A76 /* CachedLoadingUITests */,
			);
			name = CachedLoadingDemoUITests;
			packageProductDependencies = (
			);
			productName = CachedLoadingUITests;
			productReference = C03812DD2CF7476900F91A76 /* CachedLoadingDemoUITests.xctest */;
			productType = "com.apple.product-type.bundle.ui-testing";
		};
/* End PBXNativeTarget section */

/* Begin PBXProject section */
		C03812BA2CF7476700F91A76 /* Project object */ = {
			isa = PBXProject;
			attributes = {
				BuildIndependentTargetsInParallel = 1;
				LastSwiftUpdateCheck = 1610;
				LastUpgradeCheck = 1610;
				TargetAttributes = {
					C03812C12CF7476700F91A76 = {
						CreatedOnToolsVersion = 16.1;
					};
					C03812D22CF7476900F91A76 = {
						CreatedOnToolsVersion = 16.1;
						TestTargetID = C03812C12CF7476700F91A76;
					};
					C03812DC2CF7476900F91A76 = {
						CreatedOnToolsVersion = 16.1;
						TestTargetID = C03812C12CF7476700F91A76;
					};
				};
			};
			buildConfigurationList = C03812BD2CF7476700F91A76 /* Build configuration list for PBXProject "CachedLoadingDemo" */;
			developmentRegion = en;
			hasScannedForEncodings = 0;
			knownRegions = (
				en,
				Base,
			);
			mainGroup = C03812B92CF7476700F91A76;
			minimizedProjectReferenceProxies = 1;
			packageReferences = (
				C03812F02CF7477E00F91A76 /* XCLocalSwiftPackageReference "../../../swiftui-cached-loading" */,
				C08E0D172CF771230029987B /* XCRemoteSwiftPackageReference "Files" */,
			);
			preferredProjectObjectVersion = 77;
			productRefGroup = C03812C32CF7476700F91A76 /* Products */;
			projectDirPath = "";
			projectRoot = "";
			targets = (
				C03812C12CF7476700F91A76 /* CachedLoadingDemo */,
				C03812D22CF7476900F91A76 /* CachedLoadingDemoTests */,
				C03812DC2CF7476900F91A76 /* CachedLoadingDemoUITests */,
			);
		};
/* End PBXProject section */

/* Begin PBXResourcesBuildPhase section */
		C03812C02CF7476700F91A76 /* Resources */ = {
			isa = PBXResourcesBuildPhase;
			buildActionMask = 2147483647;
			files = (
			);
			runOnlyForDeploymentPostprocessing = 0;
		};
		C03812D12CF7476900F91A76 /* Resources */ = {
			isa = PBXResourcesBuildPhase;
			buildActionMask = 2147483647;
			files = (
			);
			runOnlyForDeploymentPostprocessing = 0;
		};
		C03812DB2CF7476900F91A76 /* Resources */ = {
			isa = PBXResourcesBuildPhase;
			buildActionMask = 2147483647;
			files = (
			);
			runOnlyForDeploymentPostprocessing = 0;
		};
/* End PBXResourcesBuildPhase section */

/* Begin PBXSourcesBuildPhase section */
		C03812BE2CF7476700F91A76 /* Sources */ = {
			isa = PBXSourcesBuildPhase;
			buildActionMask = 2147483647;
			files = (
			);
			runOnlyForDeploymentPostprocessing = 0;
		};
		C03812CF2CF7476900F91A76 /* Sources */ = {
			isa = PBXSourcesBuildPhase;
			buildActionMask = 2147483647;
			files = (
			);
			runOnlyForDeploymentPostprocessing = 0;
		};
		C03812D92CF7476900F91A76 /* Sources */ = {
			isa = PBXSourcesBuildPhase;
			buildActionMask = 2147483647;
			files = (
			);
			runOnlyForDeploymentPostprocessing = 0;
		};
/* End PBXSourcesBuildPhase section */

/* Begin PBXTargetDependency section */
		C03812D52CF7476900F91A76 /* PBXTargetDependency */ = {
			isa = PBXTargetDependency;
			target = C03812C12CF7476700F91A76 /* CachedLoadingDemo */;
			targetProxy = C03812D42CF7476900F91A76 /* PBXContainerItemProxy */;
		};
		C03812DF2CF7476900F91A76 /* PBXTargetDependency */ = {
			isa = PBXTargetDependency;
			target = C03812C12CF7476700F91A76 /* CachedLoadingDemo */;
			targetProxy = C03812DE2CF7476900F91A76 /* PBXContainerItemProxy */;
		};
/* End PBXTargetDependency section */

/* Begin XCBuildConfiguration section */
		C03812E52CF7476900F91A76 /* Debug */ = {
			isa = XCBuildConfiguration;
			buildSettings = {
				ALWAYS_SEARCH_USER_PATHS = NO;
				ASSETCATALOG_COMPILER_GENERATE_SWIFT_ASSET_SYMBOL_EXTENSIONS = YES;
				CLANG_ANALYZER_NONNULL = YES;
				CLANG_ANALYZER_NUMBER_OBJECT_CONVERSION = YES_AGGRESSIVE;
				CLANG_CXX_LANGUAGE_STANDARD = "gnu++20";
				CLANG_ENABLE_MODULES = YES;
				CLANG_ENABLE_OBJC_ARC = YES;
				CLANG_ENABLE_OBJC_WEAK = YES;
				CLANG_WARN_BLOCK_CAPTURE_AUTORELEASING = YES;
				CLANG_WARN_BOOL_CONVERSION = YES;
				CLANG_WARN_COMMA = YES;
				CLANG_WARN_CONSTANT_CONVERSION = YES;
				CLANG_WARN_DEPRECATED_OBJC_IMPLEMENTATIONS = YES;
				CLANG_WARN_DIRECT_OBJC_ISA_USAGE = YES_ERROR;
				CLANG_WARN_DOCUMENTATION_COMMENTS = YES;
				CLANG_WARN_EMPTY_BODY = YES;
				CLANG_WARN_ENUM_CONVERSION = YES;
				CLANG_WARN_INFINITE_RECURSION = YES;
				CLANG_WARN_INT_CONVERSION = YES;
				CLANG_WARN_NON_LITERAL_NULL_CONVERSION = YES;
				CLANG_WARN_OBJC_IMPLICIT_RETAIN_SELF = YES;
				CLANG_WARN_OBJC_LITERAL_CONVERSION = YES;
				CLANG_WARN_OBJC_ROOT_CLASS = YES_ERROR;
				CLANG_WARN_QUOTED_INCLUDE_IN_FRAMEWORK_HEADER = YES;
				CLANG_WARN_RANGE_LOOP_ANALYSIS = YES;
				CLANG_WARN_STRICT_PROTOTYPES = YES;
				CLANG_WARN_SUSPICIOUS_MOVE = YES;
				CLANG_WARN_UNGUARDED_AVAILABILITY = YES_AGGRESSIVE;
				CLANG_WARN_UNREACHABLE_CODE = YES;
				CLANG_WARN__DUPLICATE_METHOD_MATCH = YES;
				COPY_PHASE_STRIP = NO;
				DEBUG_INFORMATION_FORMAT = dwarf;
				ENABLE_STRICT_OBJC_MSGSEND = YES;
				ENABLE_TESTABILITY = YES;
				ENABLE_USER_SCRIPT_SANDBOXING = YES;
				GCC_C_LANGUAGE_STANDARD = gnu17;
				GCC_DYNAMIC_NO_PIC = NO;
				GCC_NO_COMMON_BLOCKS = YES;
				GCC_OPTIMIZATION_LEVEL = 0;
				GCC_PREPROCESSOR_DEFINITIONS = (
					"DEBUG=1",
					"$(inherited)",
				);
				GCC_WARN_64_TO_32_BIT_CONVERSION = YES;
				GCC_WARN_ABOUT_RETURN_TYPE = YES_ERROR;
				GCC_WARN_UNDECLARED_SELECTOR = YES;
				GCC_WARN_UNINITIALIZED_AUTOS = YES_AGGRESSIVE;
				GCC_WARN_UNUSED_FUNCTION = YES;
				GCC_WARN_UNUSED_VARIABLE = YES;
				LOCALIZATION_PREFERS_STRING_CATALOGS = YES;
				MTL_ENABLE_DEBUG_INFO = INCLUDE_SOURCE;
				MTL_FAST_MATH = YES;
				ONLY_ACTIVE_ARCH = YES;
				SWIFT_ACTIVE_COMPILATION_CONDITIONS = "DEBUG $(inherited)";
				SWIFT_OPTIMIZATION_LEVEL = "-Onone";
			};
			name = Debug;
		};
		C03812E62CF7476900F91A76 /* Release */ = {
			isa = XCBuildConfiguration;
			buildSettings = {
				ALWAYS_SEARCH_USER_PATHS = NO;
				ASSETCATALOG_COMPILER_GENERATE_SWIFT_ASSET_SYMBOL_EXTENSIONS = YES;
				CLANG_ANALYZER_NONNULL = YES;
				CLANG_ANALYZER_NUMBER_OBJECT_CONVERSION = YES_AGGRESSIVE;
				CLANG_CXX_LANGUAGE_STANDARD = "gnu++20";
				CLANG_ENABLE_MODULES = YES;
				CLANG_ENABLE_OBJC_ARC = YES;
				CLANG_ENABLE_OBJC_WEAK = YES;
				CLANG_WARN_BLOCK_CAPTURE_AUTORELEASING = YES;
				CLANG_WARN_BOOL_CONVERSION = YES;
				CLANG_WARN_COMMA = YES;
				CLANG_WARN_CONSTANT_CONVERSION = YES;
				CLANG_WARN_DEPRECATED_OBJC_IMPLEMENTATIONS = YES;
				CLANG_WARN_DIRECT_OBJC_ISA_USAGE = YES_ERROR;
				CLANG_WARN_DOCUMENTATION_COMMENTS = YES;
				CLANG_WARN_EMPTY_BODY = YES;
				CLANG_WARN_ENUM_CONVERSION = YES;
				CLANG_WARN_INFINITE_RECURSION = YES;
				CLANG_WARN_INT_CONVERSION = YES;
				CLANG_WARN_NON_LITERAL_NULL_CONVERSION = YES;
				CLANG_WARN_OBJC_IMPLICIT_RETAIN_SELF = YES;
				CLANG_WARN_OBJC_LITERAL_CONVERSION = YES;
				CLANG_WARN_OBJC_ROOT_CLASS = YES_ERROR;
				CLANG_WARN_QUOTED_INCLUDE_IN_FRAMEWORK_HEADER = YES;
				CLANG_WARN_RANGE_LOOP_ANALYSIS = YES;
				CLANG_WARN_STRICT_PROTOTYPES = YES;
				CLANG_WARN_SUSPICIOUS_MOVE = YES;
				CLANG_WARN_UNGUARDED_AVAILABILITY = YES_AGGRESSIVE;
				CLANG_WARN_UNREACHABLE_CODE = YES;
				CLANG_WARN__DUPLICATE_METHOD_MATCH = YES;
				COPY_PHASE_STRIP = NO;
				DEBUG_INFORMATION_FORMAT = "dwarf-with-dsym";
				ENABLE_NS_ASSERTIONS = NO;
				ENABLE_STRICT_OBJC_MSGSEND = YES;
				ENABLE_USER_SCRIPT_SANDBOXING = YES;
				GCC_C_LANGUAGE_STANDARD = gnu17;
				GCC_NO_COMMON_BLOCKS = YES;
				GCC_WARN_64_TO_32_BIT_CONVERSION = YES;
				GCC_WARN_ABOUT_RETURN_TYPE = YES_ERROR;
				GCC_WARN_UNDECLARED_SELECTOR = YES;
				GCC_WARN_UNINITIALIZED_AUTOS = YES_AGGRESSIVE;
				GCC_WARN_UNUSED_FUNCTION = YES;
				GCC_WARN_UNUSED_VARIABLE = YES;
				LOCALIZATION_PREFERS_STRING_CATALOGS = YES;
				MTL_ENABLE_DEBUG_INFO = NO;
				MTL_FAST_MATH = YES;
				SWIFT_COMPILATION_MODE = wholemodule;
			};
			name = Release;
		};
		C03812E82CF7476900F91A76 /* Debug */ = {
			isa = XCBuildConfiguration;
			buildSettings = {
				ASSETCATALOG_COMPILER_APPICON_NAME = AppIcon;
				ASSETCATALOG_COMPILER_GLOBAL_ACCENT_COLOR_NAME = AccentColor;
				CODE_SIGN_ENTITLEMENTS = CachedLoading/CachedLoading.entitlements;
				CODE_SIGN_STYLE = Automatic;
				CURRENT_PROJECT_VERSION = 1;
				DEVELOPMENT_ASSET_PATHS = "\"CachedLoading/Preview Content\"";
				DEVELOPMENT_TEAM = WWFDRU947Q;
				ENABLE_HARDENED_RUNTIME = YES;
				ENABLE_PREVIEWS = YES;
				GENERATE_INFOPLIST_FILE = YES;
				"INFOPLIST_KEY_UIApplicationSceneManifest_Generation[sdk=iphoneos*]" = YES;
				"INFOPLIST_KEY_UIApplicationSceneManifest_Generation[sdk=iphonesimulator*]" = YES;
				"INFOPLIST_KEY_UIApplicationSupportsIndirectInputEvents[sdk=iphoneos*]" = YES;
				"INFOPLIST_KEY_UIApplicationSupportsIndirectInputEvents[sdk=iphonesimulator*]" = YES;
				"INFOPLIST_KEY_UILaunchScreen_Generation[sdk=iphoneos*]" = YES;
				"INFOPLIST_KEY_UILaunchScreen_Generation[sdk=iphonesimulator*]" = YES;
				"INFOPLIST_KEY_UIStatusBarStyle[sdk=iphoneos*]" = UIStatusBarStyleDefault;
				"INFOPLIST_KEY_UIStatusBarStyle[sdk=iphonesimulator*]" = UIStatusBarStyleDefault;
				INFOPLIST_KEY_UISupportedInterfaceOrientations_iPad = "UIInterfaceOrientationPortrait UIInterfaceOrientationPortraitUpsideDown UIInterfaceOrientationLandscapeLeft UIInterfaceOrientationLandscapeRight";
				INFOPLIST_KEY_UISupportedInterfaceOrientations_iPhone = "UIInterfaceOrientationPortrait UIInterfaceOrientationLandscapeLeft UIInterfaceOrientationLandscapeRight";
				IPHONEOS_DEPLOYMENT_TARGET = 15.0;
				LD_RUNPATH_SEARCH_PATHS = "@executable_path/Frameworks";
				"LD_RUNPATH_SEARCH_PATHS[sdk=macosx*]" = "@executable_path/../Frameworks";
				MACOSX_DEPLOYMENT_TARGET = 15.1;
				MARKETING_VERSION = 1.0;
				PRODUCT_BUNDLE_IDENTIFIER = be.dooz.CachedLoading;
				PRODUCT_NAME = "$(TARGET_NAME)";
				SDKROOT = auto;
				SUPPORTED_PLATFORMS = "iphoneos iphonesimulator macosx xros xrsimulator";
				SWIFT_EMIT_LOC_STRINGS = YES;
				SWIFT_VERSION = 5.0;
				TARGETED_DEVICE_FAMILY = "1,2,7";
				XROS_DEPLOYMENT_TARGET = 2.1;
			};
			name = Debug;
		};
		C03812E92CF7476900F91A76 /* Release */ = {
			isa = XCBuildConfiguration;
			buildSettings = {
				ASSETCATALOG_COMPILER_APPICON_NAME = AppIcon;
				ASSETCATALOG_COMPILER_GLOBAL_ACCENT_COLOR_NAME = AccentColor;
				CODE_SIGN_ENTITLEMENTS = CachedLoading/CachedLoading.entitlements;
				CODE_SIGN_STYLE = Automatic;
				CURRENT_PROJECT_VERSION = 1;
				DEVELOPMENT_ASSET_PATHS = "\"CachedLoading/Preview Content\"";
				DEVELOPMENT_TEAM = WWFDRU947Q;
				ENABLE_HARDENED_RUNTIME = YES;
				ENABLE_PREVIEWS = YES;
				GENERATE_INFOPLIST_FILE = YES;
				"INFOPLIST_KEY_UIApplicationSceneManifest_Generation[sdk=iphoneos*]" = YES;
				"INFOPLIST_KEY_UIApplicationSceneManifest_Generation[sdk=iphonesimulator*]" = YES;
				"INFOPLIST_KEY_UIApplicationSupportsIndirectInputEvents[sdk=iphoneos*]" = YES;
				"INFOPLIST_KEY_UIApplicationSupportsIndirectInputEvents[sdk=iphonesimulator*]" = YES;
				"INFOPLIST_KEY_UILaunchScreen_Generation[sdk=iphoneos*]" = YES;
				"INFOPLIST_KEY_UILaunchScreen_Generation[sdk=iphonesimulator*]" = YES;
				"INFOPLIST_KEY_UIStatusBarStyle[sdk=iphoneos*]" = UIStatusBarStyleDefault;
				"INFOPLIST_KEY_UIStatusBarStyle[sdk=iphonesimulator*]" = UIStatusBarStyleDefault;
				INFOPLIST_KEY_UISupportedInterfaceOrientations_iPad = "UIInterfaceOrientationPortrait UIInterfaceOrientationPortraitUpsideDown UIInterfaceOrientationLandscapeLeft UIInterfaceOrientationLandscapeRight";
				INFOPLIST_KEY_UISupportedInterfaceOrientations_iPhone = "UIInterfaceOrientationPortrait UIInterfaceOrientationLandscapeLeft UIInterfaceOrientationLandscapeRight";
				IPHONEOS_DEPLOYMENT_TARGET = 15.0;
				LD_RUNPATH_SEARCH_PATHS = "@executable_path/Frameworks";
				"LD_RUNPATH_SEARCH_PATHS[sdk=macosx*]" = "@executable_path/../Frameworks";
				MACOSX_DEPLOYMENT_TARGET = 15.1;
				MARKETING_VERSION = 1.0;
				PRODUCT_BUNDLE_IDENTIFIER = be.dooz.CachedLoading;
				PRODUCT_NAME = "$(TARGET_NAME)";
				SDKROOT = auto;
				SUPPORTED_PLATFORMS = "iphoneos iphonesimulator macosx xros xrsimulator";
				SWIFT_EMIT_LOC_STRINGS = YES;
				SWIFT_VERSION = 5.0;
				TARGETED_DEVICE_FAMILY = "1,2,7";
				XROS_DEPLOYMENT_TARGET = 2.1;
			};
			name = Release;
		};
		C03812EB2CF7476900F91A76 /* Debug */ = {
			isa = XCBuildConfiguration;
			buildSettings = {
				BUNDLE_LOADER = "$(TEST_HOST)";
				CODE_SIGN_STYLE = Automatic;
				CURRENT_PROJECT_VERSION = 1;
				DEVELOPMENT_TEAM = WWFDRU947Q;
				GENERATE_INFOPLIST_FILE = YES;
				IPHONEOS_DEPLOYMENT_TARGET = 18.1;
				MACOSX_DEPLOYMENT_TARGET = 15.1;
				MARKETING_VERSION = 1.0;
				PRODUCT_BUNDLE_IDENTIFIER = be.dooz.CachedLoadingTests;
				PRODUCT_NAME = "$(TARGET_NAME)";
				SDKROOT = auto;
				SUPPORTED_PLATFORMS = "iphoneos iphonesimulator macosx xros xrsimulator";
				SWIFT_EMIT_LOC_STRINGS = NO;
				SWIFT_VERSION = 5.0;
				TARGETED_DEVICE_FAMILY = "1,2,7";
				TEST_HOST = "$(BUILT_PRODUCTS_DIR)/CachedLoadingDemo.app/$(BUNDLE_EXECUTABLE_FOLDER_PATH)/CachedLoadingDemo";
				XROS_DEPLOYMENT_TARGET = 2.1;
			};
			name = Debug;
		};
		C03812EC2CF7476900F91A76 /* Release */ = {
			isa = XCBuildConfiguration;
			buildSettings = {
				BUNDLE_LOADER = "$(TEST_HOST)";
				CODE_SIGN_STYLE = Automatic;
				CURRENT_PROJECT_VERSION = 1;
				DEVELOPMENT_TEAM = WWFDRU947Q;
				GENERATE_INFOPLIST_FILE = YES;
				IPHONEOS_DEPLOYMENT_TARGET = 18.1;
				MACOSX_DEPLOYMENT_TARGET = 15.1;
				MARKETING_VERSION = 1.0;
				PRODUCT_BUNDLE_IDENTIFIER = be.dooz.CachedLoadingTests;
				PRODUCT_NAME = "$(TARGET_NAME)";
				SDKROOT = auto;
				SUPPORTED_PLATFORMS = "iphoneos iphonesimulator macosx xros xrsimulator";
				SWIFT_EMIT_LOC_STRINGS = NO;
				SWIFT_VERSION = 5.0;
				TARGETED_DEVICE_FAMILY = "1,2,7";
				TEST_HOST = "$(BUILT_PRODUCTS_DIR)/CachedLoadingDemo.app/$(BUNDLE_EXECUTABLE_FOLDER_PATH)/CachedLoadingDemo";
				XROS_DEPLOYMENT_TARGET = 2.1;
			};
			name = Release;
		};
		C03812EE2CF7476900F91A76 /* Debug */ = {
			isa = XCBuildConfiguration;
			buildSettings = {
				CODE_SIGN_STYLE = Automatic;
				CURRENT_PROJECT_VERSION = 1;
				DEVELOPMENT_TEAM = WWFDRU947Q;
				GENERATE_INFOPLIST_FILE = YES;
				IPHONEOS_DEPLOYMENT_TARGET = 18.1;
				MACOSX_DEPLOYMENT_TARGET = 15.1;
				MARKETING_VERSION = 1.0;
				PRODUCT_BUNDLE_IDENTIFIER = be.dooz.CachedLoadingUITests;
				PRODUCT_NAME = "$(TARGET_NAME)";
				SDKROOT = auto;
				SUPPORTED_PLATFORMS = "iphoneos iphonesimulator macosx xros xrsimulator";
				SWIFT_EMIT_LOC_STRINGS = NO;
				SWIFT_VERSION = 5.0;
				TARGETED_DEVICE_FAMILY = "1,2,7";
				TEST_TARGET_NAME = CachedLoading;
				XROS_DEPLOYMENT_TARGET = 2.1;
			};
			name = Debug;
		};
		C03812EF2CF7476900F91A76 /* Release */ = {
			isa = XCBuildConfiguration;
			buildSettings = {
				CODE_SIGN_STYLE = Automatic;
				CURRENT_PROJECT_VERSION = 1;
				DEVELOPMENT_TEAM = WWFDRU947Q;
				GENERATE_INFOPLIST_FILE = YES;
				IPHONEOS_DEPLOYMENT_TARGET = 18.1;
				MACOSX_DEPLOYMENT_TARGET = 15.1;
				MARKETING_VERSION = 1.0;
				PRODUCT_BUNDLE_IDENTIFIER = be.dooz.CachedLoadingUITests;
				PRODUCT_NAME = "$(TARGET_NAME)";
				SDKROOT = auto;
				SUPPORTED_PLATFORMS = "iphoneos iphonesimulator macosx xros xrsimulator";
				SWIFT_EMIT_LOC_STRINGS = NO;
				SWIFT_VERSION = 5.0;
				TARGETED_DEVICE_FAMILY = "1,2,7";
				TEST_TARGET_NAME = CachedLoading;
				XROS_DEPLOYMENT_TARGET = 2.1;
			};
			name = Release;
		};
/* End XCBuildConfiguration section */

/* Begin XCConfigurationList section */
		C03812BD2CF7476700F91A76 /* Build configuration list for PBXProject "CachedLoadingDemo" */ = {
			isa = XCConfigurationList;
			buildConfigurations = (
				C03812E52CF7476900F91A76 /* Debug */,
				C03812E62CF7476900F91A76 /* Release */,
			);
			defaultConfigurationIsVisible = 0;
			defaultConfigurationName = Release;
		};
		C03812E72CF7476900F91A76 /* Build configuration list for PBXNativeTarget "CachedLoadingDemo" */ = {
			isa = XCConfigurationList;
			buildConfigurations = (
				C03812E82CF7476900F91A76 /* Debug */,
				C03812E92CF7476900F91A76 /* Release */,
			);
			defaultConfigurationIsVisible = 0;
			defaultConfigurationName = Release;
		};
		C03812EA2CF7476900F91A76 /* Build configuration list for PBXNativeTarget "CachedLoadingDemoTests" */ = {
			isa = XCConfigurationList;
			buildConfigurations = (
				C03812EB2CF7476900F91A76 /* Debug */,
				C03812EC2CF7476900F91A76 /* Release */,
			);
			defaultConfigurationIsVisible = 0;
			defaultConfigurationName = Release;
		};
		C03812ED2CF7476900F91A76 /* Build configuration list for PBXNativeTarget "CachedLoadingDemoUITests" */ = {
			isa = XCConfigurationList;
			buildConfigurations = (
				C03812EE2CF7476900F91A76 /* Debug */,
				C03812EF2CF7476900F91A76 /* Release */,
			);
			defaultConfigurationIsVisible = 0;
			defaultConfigurationName = Release;
		};
/* End XCConfigurationList section */

/* Begin XCLocalSwiftPackageReference section */
		C03812F02CF7477E00F91A76 /* XCLocalSwiftPackageReference "../../../swiftui-cached-loading" */ = {
			isa = XCLocalSwiftPackageReference;
			relativePath = "../../../swiftui-cached-loading";
		};
/* End XCLocalSwiftPackageReference section */

/* Begin XCRemoteSwiftPackageReference section */
		C08E0D172CF771230029987B /* XCRemoteSwiftPackageReference "Files" */ = {
			isa = XCRemoteSwiftPackageReference;
			repositoryURL = "https://github.com/doozmen/Files";
			requirement = {
				kind = upToNextMajorVersion;
				minimumVersion = 4.2.1;
			};
		};
/* End XCRemoteSwiftPackageReference section */

/* Begin XCSwiftPackageProductDependency section */
		C03812F12CF7477E00F91A76 /* CachedLoading */ = {
			isa = XCSwiftPackageProductDependency;
			productName = CachedLoading;
		};
		C08E0D182CF771230029987B /* Files */ = {
			isa = XCSwiftPackageProductDependency;
			package = C08E0D172CF771230029987B /* XCRemoteSwiftPackageReference "Files" */;
			productName = Files;
		};
/* End XCSwiftPackageProductDependency section */
	};
	rootObject = C03812BA2CF7476700F91A76 /* Project object */;
}
